{
  "originHash" : "92046cd5b2f2281033576764770b7a11ca088b9ebaf1f5b30fe730e9dc26f50e",
  "pins" : [
    {
      "identity" : "purchases-ios",
      "kind" : "remoteSourceControl",
      "location" : "https://github.com/RevenueCat/purchases-ios.git",
      "state" : {
        "revision" : "2f90e4352f9c2a9254f9e498c9045bfc8d5291e8",
        "version" : "5.57.0"
      }
    }
  ],
  "version" : 3
}
